
Microsoft Visual Studio Solution File, Format Version 12.00
# Visual Studio Version 16
VisualStudioVersion = 16.0.31424.327
MinimumVisualStudioVersion = 10.0.40219.1
Project("{9A19103F-16F7-4668-BE54-9A1E7A4F7556}") = "webapikittens", "webapp_homeWork2\webapikittens.csproj", "{FACA0F64-33F3-4A06-9B3A-8D92450D9E2D}"
	ProjectSection(ProjectDependencies) = postProject
		{BB80FF07-0119-4AFA-98EB-CD49200B3A00} = {BB80FF07-0119-4AFA-98EB-CD49200B3A00}
	EndProjectSection
EndProject
Project("{9A19103F-16F7-4668-BE54-9A1E7A4F7556}") = "datalayer", "datalayer\datalayer.csproj", "{8E61BED4-F77D-483C-9E4D-C4D52F8E63DC}"
EndProject
Project("{9A19103F-16F7-4668-BE54-9A1E7A4F7556}") = "migrations", "migrations\migrations.csproj", "{3958002F-A2AE-4EF4-B79B-2859A4B74B16}"
	ProjectSection(ProjectDependencies) = postProject
		{8E61BED4-F77D-483C-9E4D-C4D52F8E63DC} = {8E61BED4-F77D-483C-9E4D-C4D52F8E63DC}
	EndProjectSection
EndProject
Project("{FAE04EC0-301F-11D3-BF4B-00C04F79EFBC}") = "consoleapp", "consoleapp\consoleapp.csproj", "{BB80FF07-0119-4AFA-98EB-CD49200B3A00}"
EndProject
Global
	GlobalSection(SolutionConfigurationPlatforms) = preSolution
		Debug|Any CPU = Debug|Any CPU
		Release|Any CPU = Release|Any CPU
	EndGlobalSection
	GlobalSection(ProjectConfigurationPlatforms) = postSolution
		{FACA0F64-33F3-4A06-9B3A-8D92450D9E2D}.Debug|Any CPU.ActiveCfg = Debug|Any CPU
		{FACA0F64-33F3-4A06-9B3A-8D92450D9E2D}.Debug|Any CPU.Build.0 = Debug|Any CPU
		{FACA0F64-33F3-4A06-9B3A-8D92450D9E2D}.Release|Any CPU.ActiveCfg = Release|Any CPU
		{FACA0F64-33F3-4A06-9B3A-8D92450D9E2D}.Release|Any CPU.Build.0 = Release|Any CPU
		{8E61BED4-F77D-483C-9E4D-C4D52F8E63DC}.Debug|Any CPU.ActiveCfg = Debug|Any CPU
		{8E61BED4-F77D-483C-9E4D-C4D52F8E63DC}.Debug|Any CPU.Build.0 = Debug|Any CPU
		{8E61BED4-F77D-483C-9E4D-C4D52F8E63DC}.Release|Any CPU.ActiveCfg = Release|Any CPU
		{8E61BED4-F77D-483C-9E4D-C4D52F8E63DC}.Release|Any CPU.Build.0 = Release|Any CPU
		{3958002F-A2AE-4EF4-B79B-2859A4B74B16}.Debug|Any CPU.ActiveCfg = Debug|Any CPU
		{3958002F-A2AE-4EF4-B79B-2859A4B74B16}.Debug|Any CPU.Build.0 = Debug|Any CPU
		{3958002F-A2AE-4EF4-B79B-2859A4B74B16}.Release|Any CPU.ActiveCfg = Release|Any CPU
		{3958002F-A2AE-4EF4-B79B-2859A4B74B16}.Release|Any CPU.Build.0 = Release|Any CPU
		{BB80FF07-0119-4AFA-98EB-CD49200B3A00}.Debug|Any CPU.ActiveCfg = Debug|Any CPU
		{BB80FF07-0119-4AFA-98EB-CD49200B3A00}.Debug|Any CPU.Build.0 = Debug|Any CPU
		{BB80FF07-0119-4AFA-98EB-CD49200B3A00}.Release|Any CPU.ActiveCfg = Release|Any CPU
		{BB80FF07-0119-4AFA-98EB-CD49200B3A00}.Release|Any CPU.Build.0 = Release|Any CPU
	EndGlobalSection
	GlobalSection(SolutionProperties) = preSolution
		HideSolutionNode = FALSE
	EndGlobalSection
	GlobalSection(ExtensibilityGlobals) = postSolution
		SolutionGuid = {E9A56B47-1EE4-4BFB-ACEE-F958E1C9F952}
	EndGlobalSection
EndGlobal
